
Microsoft Visual Studio Solution File, Format Version 12.00
# Visual Studio Version 17
VisualStudioVersion = 17.6.33706.43
MinimumVisualStudioVersion = 10.0.40219.1
Project("{9A19103F-16F7-4668-BE54-9A1E7A4F7556}") = "BulkyWeb", "BulkyWeb\BulkyWeb.csproj", "{9F19BC21-B5F5-4048-8C09-E39E6DCD6011}"
EndProject
Project("{FAE04EC0-301F-11D3-BF4B-00C04F79EFBC}") = "BulkyWebRazor_Temp", "BulkyWebRazor_Temp\BulkyWebRazor_Temp.csproj", "{B1BCD5A0-CE19-469E-A360-2C797A31B21D}"
EndProject
Global
	GlobalSection(SolutionConfigurationPlatforms) = preSolution
		Debug|Any CPU = Debug|Any CPU
		Release|Any CPU = Release|Any CPU
	EndGlobalSection
	GlobalSection(ProjectConfigurationPlatforms) = postSolution
		{9F19BC21-B5F5-4048-8C09-E39E6DCD6011}.Debug|Any CPU.ActiveCfg = Debug|Any CPU
		{9F19BC21-B5F5-4048-8C09-E39E6DCD6011}.Debug|Any CPU.Build.0 = Debug|Any CPU
		{9F19BC21-B5F5-4048-8C09-E39E6DCD6011}.Release|Any CPU.ActiveCfg = Release|Any CPU
		{9F19BC21-B5F5-4048-8C09-E39E6DCD6011}.Release|Any CPU.Build.0 = Release|Any CPU
		{B1BCD5A0-CE19-469E-A360-2C797A31B21D}.Debug|Any CPU.ActiveCfg = Debug|Any CPU
		{B1BCD5A0-CE19-469E-A360-2C797A31B21D}.Debug|Any CPU.Build.0 = Debug|Any CPU
		{B1BCD5A0-CE19-469E-A360-2C797A31B21D}.Release|Any CPU.ActiveCfg = Release|Any CPU
		{B1BCD5A0-CE19-469E-A360-2C797A31B21D}.Release|Any CPU.Build.0 = Release|Any CPU
	EndGlobalSection
	GlobalSection(SolutionProperties) = preSolution
		HideSolutionNode = FALSE
	EndGlobalSection
	GlobalSection(ExtensibilityGlobals) = postSolution
		SolutionGuid = {D74BD598-F1F3-4796-9F20-15D9928A17B6}
	EndGlobalSection
EndGlobal
